// !$*UTF8*$!
{
	archiveVersion = 1;
	classes = {
	};
	objectVersion = 50;
	objects = {

/* Begin PBXBuildFile section */
		A057498424FAAA2C000BDF4C /* MessageUserView.swift in Sources */ = {isa = PBXBuildFile; fileRef = A057498324FAAA2C000BDF4C /* MessageUserView.swift */; };
		A057498624FAAAE8000BDF4C /* MessagesViewModel.swift in Sources */ = {isa = PBXBuildFile; fileRef = A057498524FAAAE8000BDF4C /* MessagesViewModel.swift */; };
		A057498C24FBE472000BDF4C /* RectangleView.swift in Sources */ = {isa = PBXBuildFile; fileRef = A057498B24FBE472000BDF4C /* RectangleView.swift */; };
		A057498E2507F735000BDF4C /* MessagesView.swift in Sources */ = {isa = PBXBuildFile; fileRef = A057498D2507F735000BDF4C /* MessagesView.swift */; };
		A05749B0250A0C3D000BDF4C /* ProfileViewModel.swift in Sources */ = {isa = PBXBuildFile; fileRef = A05749AF250A0C3D000BDF4C /* ProfileViewModel.swift */; };
		A05749B2250A0C63000BDF4C /* ProfileView.swift in Sources */ = {isa = PBXBuildFile; fileRef = A05749B1250A0C63000BDF4C /* ProfileView.swift */; };
		A0AA9C5324E8283000DF3A6C /* AppDelegate.swift in Sources */ = {isa = PBXBuildFile; fileRef = A0AA9C5224E8283000DF3A6C /* AppDelegate.swift */; };
		A0AA9C5524E8283000DF3A6C /* SceneDelegate.swift in Sources */ = {isa = PBXBuildFile; fileRef = A0AA9C5424E8283000DF3A6C /* SceneDelegate.swift */; };
		A0AA9C5924E8283300DF3A6C /* Assets.xcassets in Resources */ = {isa = PBXBuildFile; fileRef = A0AA9C5824E8283300DF3A6C /* Assets.xcassets */; };
		A0AA9C5C24E8283300DF3A6C /* Preview Assets.xcassets in Resources */ = {isa = PBXBuildFile; fileRef = A0AA9C5B24E8283300DF3A6C /* Preview Assets.xcassets */; };
		A0AA9C5F24E8283300DF3A6C /* LaunchScreen.storyboard in Resources */ = {isa = PBXBuildFile; fileRef = A0AA9C5D24E8283300DF3A6C /* LaunchScreen.storyboard */; };
		A0AA9C6724E834B200DF3A6C /* LoginView.swift in Sources */ = {isa = PBXBuildFile; fileRef = A0AA9C6624E834B200DF3A6C /* LoginView.swift */; };
		A0AA9C6E24E853BA00DF3A6C /* RegisterView.swift in Sources */ = {isa = PBXBuildFile; fileRef = A0AA9C6D24E853BA00DF3A6C /* RegisterView.swift */; };
		A0AA9C7024E8544500DF3A6C /* ClassifiedsView.swift in Sources */ = {isa = PBXBuildFile; fileRef = A0AA9C6F24E8544500DF3A6C /* ClassifiedsView.swift */; };
		A0AA9C7424EAC2A300DF3A6C /* SplashPage.swift in Sources */ = {isa = PBXBuildFile; fileRef = A0AA9C7324EAC2A300DF3A6C /* SplashPage.swift */; };
		A0AA9C7824EAC6D500DF3A6C /* JWT.swift in Sources */ = {isa = PBXBuildFile; fileRef = A0AA9C7724EAC6D500DF3A6C /* JWT.swift */; };
		A0AA9C7A24ED790200DF3A6C /* ClassifiedsViewModel.swift in Sources */ = {isa = PBXBuildFile; fileRef = A0AA9C7924ED790200DF3A6C /* ClassifiedsViewModel.swift */; };
		A0AA9C7E24F400BB00DF3A6C /* ImageLoader.swift in Sources */ = {isa = PBXBuildFile; fileRef = A0AA9C7D24F400BB00DF3A6C /* ImageLoader.swift */; };
		A0AA9C8024F4017C00DF3A6C /* AsyncImage.swift in Sources */ = {isa = PBXBuildFile; fileRef = A0AA9C7F24F4017C00DF3A6C /* AsyncImage.swift */; };
		A0AA9C8224F5590400DF3A6C /* SingleClassifiedView.swift in Sources */ = {isa = PBXBuildFile; fileRef = A0AA9C8124F5590400DF3A6C /* SingleClassifiedView.swift */; };
		A0AA9C8424F55B1400DF3A6C /* ClassifiedMapView.swift in Sources */ = {isa = PBXBuildFile; fileRef = A0AA9C8324F55B1400DF3A6C /* ClassifiedMapView.swift */; };
/* End PBXBuildFile section */

/* Begin PBXFileReference section */
		A057498324FAAA2C000BDF4C /* MessageUserView.swift */ = {isa = PBXFileReference; lastKnownFileType = sourcecode.swift; path = MessageUserView.swift; sourceTree = "<group>"; };
		A057498524FAAAE8000BDF4C /* MessagesViewModel.swift */ = {isa = PBXFileReference; lastKnownFileType = sourcecode.swift; path = MessagesViewModel.swift; sourceTree = "<group>"; };
		A057498B24FBE472000BDF4C /* RectangleView.swift */ = {isa = PBXFileReference; lastKnownFileType = sourcecode.swift; path = RectangleView.swift; sourceTree = "<group>"; };
		A057498D2507F735000BDF4C /* MessagesView.swift */ = {isa = PBXFileReference; lastKnownFileType = sourcecode.swift; path = MessagesView.swift; sourceTree = "<group>"; };
		A05749AF250A0C3D000BDF4C /* ProfileViewModel.swift */ = {isa = PBXFileReference; lastKnownFileType = sourcecode.swift; path = ProfileViewModel.swift; sourceTree = "<group>"; };
		A05749B1250A0C63000BDF4C /* ProfileView.swift */ = {isa = PBXFileReference; lastKnownFileType = sourcecode.swift; path = ProfileView.swift; sourceTree = "<group>"; };
		A0AA9C4F24E8283000DF3A6C /* Sonar Music.app */ = {isa = PBXFileReference; explicitFileType = wrapper.application; includeInIndex = 0; path = "Sonar Music.app"; sourceTree = BUILT_PRODUCTS_DIR; };
		A0AA9C5224E8283000DF3A6C /* AppDelegate.swift */ = {isa = PBXFileReference; lastKnownFileType = sourcecode.swift; path = AppDelegate.swift; sourceTree = "<group>"; };
		A0AA9C5424E8283000DF3A6C /* SceneDelegate.swift */ = {isa = PBXFileReference; lastKnownFileType = sourcecode.swift; path = SceneDelegate.swift; sourceTree = "<group>"; };
		A0AA9C5824E8283300DF3A6C /* Assets.xcassets */ = {isa = PBXFileReference; lastKnownFileType = folder.assetcatalog; path = Assets.xcassets; sourceTree = "<group>"; };
		A0AA9C5B24E8283300DF3A6C /* Preview Assets.xcassets */ = {isa = PBXFileReference; lastKnownFileType = folder.assetcatalog; path = "Preview Assets.xcassets"; sourceTree = "<group>"; };
		A0AA9C5E24E8283300DF3A6C /* Base */ = {isa = PBXFileReference; lastKnownFileType = file.storyboard; name = Base; path = Base.lproj/LaunchScreen.storyboard; sourceTree = "<group>"; };
		A0AA9C6024E8283300DF3A6C /* Info.plist */ = {isa = PBXFileReference; lastKnownFileType = text.plist.xml; path = Info.plist; sourceTree = "<group>"; };
		A0AA9C6624E834B200DF3A6C /* LoginView.swift */ = {isa = PBXFileReference; lastKnownFileType = sourcecode.swift; path = LoginView.swift; sourceTree = "<group>"; };
		A0AA9C6D24E853BA00DF3A6C /* RegisterView.swift */ = {isa = PBXFileReference; lastKnownFileType = sourcecode.swift; path = RegisterView.swift; sourceTree = "<group>"; };
		A0AA9C6F24E8544500DF3A6C /* ClassifiedsView.swift */ = {isa = PBXFileReference; lastKnownFileType = sourcecode.swift; path = ClassifiedsView.swift; sourceTree = "<group>"; };
		A0AA9C7324EAC2A300DF3A6C /* SplashPage.swift */ = {isa = PBXFileReference; lastKnownFileType = sourcecode.swift; name = SplashPage.swift; path = "/Users/lucas/Developer/Sonar Music/Sonar Music/Views/SplashPage.swift"; sourceTree = "<absolute>"; };
		A0AA9C7724EAC6D500DF3A6C /* JWT.swift */ = {isa = PBXFileReference; lastKnownFileType = sourcecode.swift; path = JWT.swift; sourceTree = "<group>"; };
		A0AA9C7924ED790200DF3A6C /* ClassifiedsViewModel.swift */ = {isa = PBXFileReference; lastKnownFileType = sourcecode.swift; path = ClassifiedsViewModel.swift; sourceTree = "<group>"; };
		A0AA9C7D24F400BB00DF3A6C /* ImageLoader.swift */ = {isa = PBXFileReference; lastKnownFileType = sourcecode.swift; path = ImageLoader.swift; sourceTree = "<group>"; };
		A0AA9C7F24F4017C00DF3A6C /* AsyncImage.swift */ = {isa = PBXFileReference; lastKnownFileType = sourcecode.swift; path = AsyncImage.swift; sourceTree = "<group>"; };
		A0AA9C8124F5590400DF3A6C /* SingleClassifiedView.swift */ = {isa = PBXFileReference; lastKnownFileType = sourcecode.swift; path = SingleClassifiedView.swift; sourceTree = "<group>"; };
		A0AA9C8324F55B1400DF3A6C /* ClassifiedMapView.swift */ = {isa = PBXFileReference; lastKnownFileType = sourcecode.swift; path = ClassifiedMapView.swift; sourceTree = "<group>"; };
/* End PBXFileReference section */

/* Begin PBXFrameworksBuildPhase section */
		A0AA9C4C24E8283000DF3A6C /* Frameworks */ = {
			isa = PBXFrameworksBuildPhase;
			buildActionMask = 2147483647;
			files = (
			);
			runOnlyForDeploymentPostprocessing = 0;
		};
/* End PBXFrameworksBuildPhase section */

/* Begin PBXGroup section */
		A0AA9C4624E8283000DF3A6C = {
			isa = PBXGroup;
			children = (
				A0AA9C5124E8283000DF3A6C /* Sonar Music */,
				A0AA9C5024E8283000DF3A6C /* Products */,
			);
			sourceTree = "<group>";
		};
		A0AA9C5024E8283000DF3A6C /* Products */ = {
			isa = PBXGroup;
			children = (
				A0AA9C4F24E8283000DF3A6C /* Sonar Music.app */,
			);
			name = Products;
			sourceTree = "<group>";
		};
		A0AA9C5124E8283000DF3A6C /* Sonar Music */ = {
			isa = PBXGroup;
			children = (
				A0AA9C5224E8283000DF3A6C /* AppDelegate.swift */,
				A0AA9C5424E8283000DF3A6C /* SceneDelegate.swift */,
				A0AA9C7224EAC0E500DF3A6C /* ViewModels */,
				A0AA9C6A24E8353400DF3A6C /* Views */,
				A0AA9C5824E8283300DF3A6C /* Assets.xcassets */,
				A0AA9C5D24E8283300DF3A6C /* LaunchScreen.storyboard */,
				A0AA9C6024E8283300DF3A6C /* Info.plist */,
				A0AA9C5A24E8283300DF3A6C /* Preview Content */,
			);
			path = "Sonar Music";
			sourceTree = "<group>";
		};
		A0AA9C5A24E8283300DF3A6C /* Preview Content */ = {
			isa = PBXGroup;
			children = (
				A0AA9C5B24E8283300DF3A6C /* Preview Assets.xcassets */,
			);
			path = "Preview Content";
			sourceTree = "<group>";
		};
		A0AA9C6A24E8353400DF3A6C /* Views */ = {
			isa = PBXGroup;
			children = (
				A0AA9C7324EAC2A300DF3A6C /* SplashPage.swift */,
				A0AA9C6624E834B200DF3A6C /* LoginView.swift */,
				A0AA9C6F24E8544500DF3A6C /* ClassifiedsView.swift */,
				A0AA9C6D24E853BA00DF3A6C /* RegisterView.swift */,
				A0AA9C7F24F4017C00DF3A6C /* AsyncImage.swift */,
				A0AA9C8124F5590400DF3A6C /* SingleClassifiedView.swift */,
				A0AA9C8324F55B1400DF3A6C /* ClassifiedMapView.swift */,
				A057498324FAAA2C000BDF4C /* MessageUserView.swift */,
				A057498B24FBE472000BDF4C /* RectangleView.swift */,
				A057498D2507F735000BDF4C /* MessagesView.swift */,
				A05749B1250A0C63000BDF4C /* ProfileView.swift */,
			);
			path = Views;
			sourceTree = "<group>";
		};
		A0AA9C7224EAC0E500DF3A6C /* ViewModels */ = {
			isa = PBXGroup;
			children = (
				A0AA9C7724EAC6D500DF3A6C /* JWT.swift */,
				A0AA9C7924ED790200DF3A6C /* ClassifiedsViewModel.swift */,
				A0AA9C7D24F400BB00DF3A6C /* ImageLoader.swift */,
				A057498524FAAAE8000BDF4C /* MessagesViewModel.swift */,
				A05749AF250A0C3D000BDF4C /* ProfileViewModel.swift */,
			);
			path = ViewModels;
			sourceTree = "<group>";
		};
/* End PBXGroup section */

/* Begin PBXNativeTarget section */
		A0AA9C4E24E8283000DF3A6C /* Sonar Music */ = {
			isa = PBXNativeTarget;
			buildConfigurationList = A0AA9C6324E8283300DF3A6C /* Build configuration list for PBXNativeTarget "Sonar Music" */;
			buildPhases = (
				A0AA9C4B24E8283000DF3A6C /* Sources */,
				A0AA9C4C24E8283000DF3A6C /* Frameworks */,
				A0AA9C4D24E8283000DF3A6C /* Resources */,
			);
			buildRules = (
			);
			dependencies = (
			);
			name = "Sonar Music";
			productName = "Sonar Music";
			productReference = A0AA9C4F24E8283000DF3A6C /* Sonar Music.app */;
			productType = "com.apple.product-type.application";
		};
/* End PBXNativeTarget section */

/* Begin PBXProject section */
		A0AA9C4724E8283000DF3A6C /* Project object */ = {
			isa = PBXProject;
			attributes = {
				LastSwiftUpdateCheck = 1130;
				LastUpgradeCheck = 1160;
				ORGANIZATIONNAME = "Sonar Music";
				TargetAttributes = {
					A0AA9C4E24E8283000DF3A6C = {
						CreatedOnToolsVersion = 11.3.1;
					};
				};
			};
			buildConfigurationList = A0AA9C4A24E8283000DF3A6C /* Build configuration list for PBXProject "Sonar Music" */;
			compatibilityVersion = "Xcode 9.3";
			developmentRegion = en;
			hasScannedForEncodings = 0;
			knownRegions = (
				en,
				Base,
			);
			mainGroup = A0AA9C4624E8283000DF3A6C;
			productRefGroup = A0AA9C5024E8283000DF3A6C /* Products */;
			projectDirPath = "";
			projectRoot = "";
			targets = (
				A0AA9C4E24E8283000DF3A6C /* Sonar Music */,
			);
		};
/* End PBXProject section */

/* Begin PBXResourcesBuildPhase section */
		A0AA9C4D24E8283000DF3A6C /* Resources */ = {
			isa = PBXResourcesBuildPhase;
			buildActionMask = 2147483647;
			files = (
				A0AA9C5F24E8283300DF3A6C /* LaunchScreen.storyboard in Resources */,
				A0AA9C5C24E8283300DF3A6C /* Preview Assets.xcassets in Resources */,
				A0AA9C5924E8283300DF3A6C /* Assets.xcassets in Resources */,
			);
			runOnlyForDeploymentPostprocessing = 0;
		};
/* End PBXResourcesBuildPhase section */

/* Begin PBXSourcesBuildPhase section */
		A0AA9C4B24E8283000DF3A6C /* Sources */ = {
			isa = PBXSourcesBuildPhase;
			buildActionMask = 2147483647;
			files = (
				A057498E2507F735000BDF4C /* MessagesView.swift in Sources */,
				A0AA9C5324E8283000DF3A6C /* AppDelegate.swift in Sources */,
				A0AA9C7424EAC2A300DF3A6C /* SplashPage.swift in Sources */,
				A057498624FAAAE8000BDF4C /* MessagesViewModel.swift in Sources */,
				A0AA9C7E24F400BB00DF3A6C /* ImageLoader.swift in Sources */,
				A0AA9C7024E8544500DF3A6C /* ClassifiedsView.swift in Sources */,
				A057498C24FBE472000BDF4C /* RectangleView.swift in Sources */,
				A0AA9C8224F5590400DF3A6C /* SingleClassifiedView.swift in Sources */,
				A0AA9C8024F4017C00DF3A6C /* AsyncImage.swift in Sources */,
				A0AA9C7A24ED790200DF3A6C /* ClassifiedsViewModel.swift in Sources */,
				A05749B2250A0C63000BDF4C /* ProfileView.swift in Sources */,
				A0AA9C6E24E853BA00DF3A6C /* RegisterView.swift in Sources */,
				A057498424FAAA2C000BDF4C /* MessageUserView.swift in Sources */,
				A0AA9C5524E8283000DF3A6C /* SceneDelegate.swift in Sources */,
				A05749B0250A0C3D000BDF4C /* ProfileViewModel.swift in Sources */,
				A0AA9C6724E834B200DF3A6C /* LoginView.swift in Sources */,
				A0AA9C7824EAC6D500DF3A6C /* JWT.swift in Sources */,
				A0AA9C8424F55B1400DF3A6C /* ClassifiedMapView.swift in Sources */,
			);
			runOnlyForDeploymentPostprocessing = 0;
		};
/* End PBXSourcesBuildPhase section */

/* Begin PBXVariantGroup section */
		A0AA9C5D24E8283300DF3A6C /* LaunchScreen.storyboard */ = {
			isa = PBXVariantGroup;
			children = (
				A0AA9C5E24E8283300DF3A6C /* Base */,
			);
			name = LaunchScreen.storyboard;
			sourceTree = "<group>";
		};
/* End PBXVariantGroup section */

/* Begin XCBuildConfiguration section */
		A0AA9C6124E8283300DF3A6C /* Debug */ = {
			isa = XCBuildConfiguration;
			buildSettings = {
				ALWAYS_SEARCH_USER_PATHS = NO;
				CLANG_ANALYZER_NONNULL = YES;
				CLANG_ANALYZER_NUMBER_OBJECT_CONVERSION = YES_AGGRESSIVE;
				CLANG_CXX_LANGUAGE_STANDARD = "gnu++14";
				CLANG_CXX_LIBRARY = "libc++";
				CLANG_ENABLE_MODULES = YES;
				CLANG_ENABLE_OBJC_ARC = YES;
				CLANG_ENABLE_OBJC_WEAK = YES;
				CLANG_WARN_BLOCK_CAPTURE_AUTORELEASING = YES;
				CLANG_WARN_BOOL_CONVERSION = YES;
				CLANG_WARN_COMMA = YES;
				CLANG_WARN_CONSTANT_CONVERSION = YES;
				CLANG_WARN_DEPRECATED_OBJC_IMPLEMENTATIONS = YES;
				CLANG_WARN_DIRECT_OBJC_ISA_USAGE = YES_ERROR;
				CLANG_WARN_DOCUMENTATION_COMMENTS = YES;
				CLANG_WARN_EMPTY_BODY = YES;
				CLANG_WARN_ENUM_CONVERSION = YES;
				CLANG_WARN_INFINITE_RECURSION = YES;
				CLANG_WARN_INT_CONVERSION = YES;
				CLANG_WARN_NON_LITERAL_NULL_CONVERSION = YES;
				CLANG_WARN_OBJC_IMPLICIT_RETAIN_SELF = YES;
				CLANG_WARN_OBJC_LITERAL_CONVERSION = YES;
				CLANG_WARN_OBJC_ROOT_CLASS = YES_ERROR;
				CLANG_WARN_RANGE_LOOP_ANALYSIS = YES;
				CLANG_WARN_STRICT_PROTOTYPES = YES;
				CLANG_WARN_SUSPICIOUS_MOVE = YES;
				CLANG_WARN_UNGUARDED_AVAILABILITY = YES_AGGRESSIVE;
				CLANG_WARN_UNREACHABLE_CODE = YES;
				CLANG_WARN__DUPLICATE_METHOD_MATCH = YES;
				COPY_PHASE_STRIP = NO;
				DEBUG_INFORMATION_FORMAT = dwarf;
				ENABLE_STRICT_OBJC_MSGSEND = YES;
				ENABLE_TESTABILITY = YES;
				GCC_C_LANGUAGE_STANDARD = gnu11;
				GCC_DYNAMIC_NO_PIC = NO;
				GCC_NO_COMMON_BLOCKS = YES;
				GCC_OPTIMIZATION_LEVEL = 0;
				GCC_PREPROCESSOR_DEFINITIONS = (
					"DEBUG=1",
					"$(inherited)",
				);
				GCC_WARN_64_TO_32_BIT_CONVERSION = YES;
				GCC_WARN_ABOUT_RETURN_TYPE = YES_ERROR;
				GCC_WARN_UNDECLARED_SELECTOR = YES;
				GCC_WARN_UNINITIALIZED_AUTOS = YES_AGGRESSIVE;
				GCC_WARN_UNUSED_FUNCTION = YES;
				GCC_WARN_UNUSED_VARIABLE = YES;
				IPHONEOS_DEPLOYMENT_TARGET = 13.2;
				MTL_ENABLE_DEBUG_INFO = INCLUDE_SOURCE;
				MTL_FAST_MATH = YES;
				ONLY_ACTIVE_ARCH = YES;
				SDKROOT = iphoneos;
				SWIFT_ACTIVE_COMPILATION_CONDITIONS = DEBUG;
				SWIFT_OPTIMIZATION_LEVEL = "-Onone";
			};
			name = Debug;
		};
		A0AA9C6224E8283300DF3A6C /* Release */ = {
			isa = XCBuildConfiguration;
			buildSettings = {
				ALWAYS_SEARCH_USER_PATHS = NO;
				CLANG_ANALYZER_NONNULL = YES;
				CLANG_ANALYZER_NUMBER_OBJECT_CONVERSION = YES_AGGRESSIVE;
				CLANG_CXX_LANGUAGE_STANDARD = "gnu++14";
				CLANG_CXX_LIBRARY = "libc++";
				CLANG_ENABLE_MODULES = YES;
				CLANG_ENABLE_OBJC_ARC = YES;
				CLANG_ENABLE_OBJC_WEAK = YES;
				CLANG_WARN_BLOCK_CAPTURE_AUTORELEASING = YES;
				CLANG_WARN_BOOL_CONVERSION = YES;
				CLANG_WARN_COMMA = YES;
				CLANG_WARN_CONSTANT_CONVERSION = YES;
				CLANG_WARN_DEPRECATED_OBJC_IMPLEMENTATIONS = YES;
				CLANG_WARN_DIRECT_OBJC_ISA_USAGE = YES_ERROR;
				CLANG_WARN_DOCUMENTATION_COMMENTS = YES;
				CLANG_WARN_EMPTY_BODY = YES;
				CLANG_WARN_ENUM_CONVERSION = YES;
				CLANG_WARN_INFINITE_RECURSION = YES;
				CLANG_WARN_INT_CONVERSION = YES;
				CLANG_WARN_NON_LITERAL_NULL_CONVERSION = YES;
				CLANG_WARN_OBJC_IMPLICIT_RETAIN_SELF = YES;
				CLANG_WARN_OBJC_LITERAL_CONVERSION = YES;
				CLANG_WARN_OBJC_ROOT_CLASS = YES_ERROR;
				CLANG_WARN_RANGE_LOOP_ANALYSIS = YES;
				CLANG_WARN_STRICT_PROTOTYPES = YES;
				CLANG_WARN_SUSPICIOUS_MOVE = YES;
				CLANG_WARN_UNGUARDED_AVAILABILITY = YES_AGGRESSIVE;
				CLANG_WARN_UNREACHABLE_CODE = YES;
				CLANG_WARN__DUPLICATE_METHOD_MATCH = YES;
				COPY_PHASE_STRIP = NO;
				DEBUG_INFORMATION_FORMAT = "dwarf-with-dsym";
				ENABLE_NS_ASSERTIONS = NO;
				ENABLE_STRICT_OBJC_MSGSEND = YES;
				GCC_C_LANGUAGE_STANDARD = gnu11;
				GCC_NO_COMMON_BLOCKS = YES;
				GCC_WARN_64_TO_32_BIT_CONVERSION = YES;
				GCC_WARN_ABOUT_RETURN_TYPE = YES_ERROR;
				GCC_WARN_UNDECLARED_SELECTOR = YES;
				GCC_WARN_UNINITIALIZED_AUTOS = YES_AGGRESSIVE;
				GCC_WARN_UNUSED_FUNCTION = YES;
				GCC_WARN_UNUSED_VARIABLE = YES;
				IPHONEOS_DEPLOYMENT_TARGET = 13.2;
				MTL_ENABLE_DEBUG_INFO = NO;
				MTL_FAST_MATH = YES;
				SDKROOT = iphoneos;
				SWIFT_COMPILATION_MODE = wholemodule;
				SWIFT_OPTIMIZATION_LEVEL = "-O";
				VALIDATE_PRODUCT = YES;
			};
			name = Release;
		};
		A0AA9C6424E8283300DF3A6C /* Debug */ = {
			isa = XCBuildConfiguration;
			buildSettings = {
				ASSETCATALOG_COMPILER_APPICON_NAME = AppIcon;
				CODE_SIGN_STYLE = Automatic;
				DEVELOPMENT_ASSET_PATHS = "\"Sonar Music/Preview Content\"";
				DEVELOPMENT_TEAM = 8GM5WDQ8YM;
				ENABLE_PREVIEWS = YES;
				INFOPLIST_FILE = "Sonar Music/Info.plist";
				LD_RUNPATH_SEARCH_PATHS = (
					"$(inherited)",
					"@executable_path/Frameworks",
				);
				PRODUCT_BUNDLE_IDENTIFIER = "com.LucasJohnson.Sonar-Music";
				PRODUCT_NAME = "$(TARGET_NAME)";
				SWIFT_VERSION = 5.0;
				TARGETED_DEVICE_FAMILY = "1,2";
			};
			name = Debug;
		};
		A0AA9C6524E8283300DF3A6C /* Release */ = {
			isa = XCBuildConfiguration;
			buildSettings = {
				ASSETCATALOG_COMPILER_APPICON_NAME = AppIcon;
				CODE_SIGN_STYLE = Automatic;
				DEVELOPMENT_ASSET_PATHS = "\"Sonar Music/Preview Content\"";
				DEVELOPMENT_TEAM = 8GM5WDQ8YM;
				ENABLE_PREVIEWS = YES;
				INFOPLIST_FILE = "Sonar Music/Info.plist";
				LD_RUNPATH_SEARCH_PATHS = (
					"$(inherited)",
					"@executable_path/Frameworks",
				);
				PRODUCT_BUNDLE_IDENTIFIER = "com.LucasJohnson.Sonar-Music";
				PRODUCT_NAME = "$(TARGET_NAME)";
				SWIFT_VERSION = 5.0;
				TARGETED_DEVICE_FAMILY = "1,2";
			};
			name = Release;
		};
/* End XCBuildConfiguration section */

/* Begin XCConfigurationList section */
		A0AA9C4A24E8283000DF3A6C /* Build configuration list for PBXProject "Sonar Music" */ = {
			isa = XCConfigurationList;
			buildConfigurations = (
				A0AA9C6124E8283300DF3A6C /* Debug */,
				A0AA9C6224E8283300DF3A6C /* Release */,
			);
			defaultConfigurationIsVisible = 0;
			defaultConfigurationName = Release;
		};
		A0AA9C6324E8283300DF3A6C /* Build configuration list for PBXNativeTarget "Sonar Music" */ = {
			isa = XCConfigurationList;
			buildConfigurations = (
				A0AA9C6424E8283300DF3A6C /* Debug */,
				A0AA9C6524E8283300DF3A6C /* Release */,
			);
			defaultConfigurationIsVisible = 0;
			defaultConfigurationName = Release;
		};
/* End XCConfigurationList section */
	};
	rootObject = A0AA9C4724E8283000DF3A6C /* Project object */;
}
